Microsoft Visual Studio Solution File, Format Version 12.00
# Visual Studio 15
VisualStudioVersion = 15.0.27130.2024
MinimumVisualStudioVersion = 15.0.26124.0
Project("{2150E333-8FDC-42A3-9474-1A3956D46DE8}") = "src", "src", "{B6CCF624-686A-4A1F-A03B-6EAEB8C89058}"
EndProject
Project("{2150E333-8FDC-42A3-9474-1A3956D46DE8}") = "test", "test", "{C54D6BEA-522E-470C-99CB-17E360767445}"
EndProject
Project("{2150E333-8FDC-42A3-9474-1A3956D46DE8}") = "unit", "unit", "{E683B7FE-F032-443C-A7B8-DA0DA4292D0C}"
EndProject
Project("{9A19103F-16F7-4668-BE54-9A1E7A4F7556}") = "Supermarket.Core.Tests", "test\unit\Supermarket.Core.Tests\Supermarket.Core.Tests.csproj", "{645D17D7-9367-4873-AD67-DDF394AC16A4}"
EndProject
Project("{9A19103F-16F7-4668-BE54-9A1E7A4F7556}") = "Supermarket.WebApi", "src\Supermarket.WebApi\Supermarket.WebApi.csproj", "{FB2BB9B4-1AE2-4E0F-B3DC-FB37525E93E3}"
EndProject
Project("{2150E333-8FDC-42A3-9474-1A3956D46DE8}") = "deployment", "deployment", "{131CD170-5BDB-4A97-8E15-87E5EF93858D}"
EndProject
Project("{9A19103F-16F7-4668-BE54-9A1E7A4F7556}") = "Supermarket.Deployment.Tests", "test\acceptance\Supermarket.Deployment.Tests.csproj", "{184E29D8-565A-457F-9111-A6EB64F4DF2D}"
EndProject
Project("{2150E333-8FDC-42A3-9474-1A3956D46DE8}") = "Solution Items", "Solution Items", "{9A72F9D4-FAA3-46B8-9709-CCB2AA5F7F39}"
	ProjectSection(SolutionItems) = preProject
		README.md = README.md
	EndProjectSection
EndProject
Project("{9A19103F-16F7-4668-BE54-9A1E7A4F7556}") = "Supermarket.Http.Helpers", "src\Supermarket.Http.Utilities\Supermarket.Http.Helpers.csproj", "{1349BF36-4923-4CB3-8602-D70DF0705845}"
EndProject
Project("{9A19103F-16F7-4668-BE54-9A1E7A4F7556}") = "Supermarket.Core", "src\Supermarket.Core\Supermarket.Core.csproj", "{C487C98E-992C-48FC-AC9F-941D985869E2}"
EndProject
Project("{9A19103F-16F7-4668-BE54-9A1E7A4F7556}") = "Supermarket.Infrastructure.Http.Clients", "src\Supermarket.Infrastructure.Http.Clients\Supermarket.Infrastructure.Http.Clients.csproj", "{48C82E97-B345-44C3-8F23-E5C8CC83877D}"
EndProject
Project("{9A19103F-16F7-4668-BE54-9A1E7A4F7556}") = "Supermarket.Infrastructure.Data", "src\Supermarket.Infrastructure.Data\Supermarket.Infrastructure.Data.csproj", "{433D6DDF-0F5B-4F35-8D0F-E25CA9BFFC68}"
EndProject
Global
	GlobalSection(SolutionConfigurationPlatforms) = preSolution
		Debug|Any CPU = Debug|Any CPU
		Debug|x64 = Debug|x64
		Debug|x86 = Debug|x86
		Release|Any CPU = Release|Any CPU
		Release|x64 = Release|x64
		Release|x86 = Release|x86
	EndGlobalSection
	GlobalSection(ProjectConfigurationPlatforms) = postSolution
		{645D17D7-9367-4873-AD67-DDF394AC16A4}.Debug|Any CPU.ActiveCfg = Debug|Any CPU
		{645D17D7-9367-4873-AD67-DDF394AC16A4}.Debug|Any CPU.Build.0 = Debug|Any CPU
		{645D17D7-9367-4873-AD67-DDF394AC16A4}.Debug|x64.ActiveCfg = Debug|Any CPU
		{645D17D7-9367-4873-AD67-DDF394AC16A4}.Debug|x64.Build.0 = Debug|Any CPU
		{645D17D7-9367-4873-AD67-DDF394AC16A4}.Debug|x86.ActiveCfg = Debug|Any CPU
		{645D17D7-9367-4873-AD67-DDF394AC16A4}.Debug|x86.Build.0 = Debug|Any CPU
		{645D17D7-9367-4873-AD67-DDF394AC16A4}.Release|Any CPU.ActiveCfg = Release|Any CPU
		{645D17D7-9367-4873-AD67-DDF394AC16A4}.Release|Any CPU.Build.0 = Release|Any CPU
		{645D17D7-9367-4873-AD67-DDF394AC16A4}.Release|x64.ActiveCfg = Release|Any CPU
		{645D17D7-9367-4873-AD67-DDF394AC16A4}.Release|x64.Build.0 = Release|Any CPU
		{645D17D7-9367-4873-AD67-DDF394AC16A4}.Release|x86.ActiveCfg = Release|Any CPU
		{645D17D7-9367-4873-AD67-DDF394AC16A4}.Release|x86.Build.0 = Release|Any CPU
		{FB2BB9B4-1AE2-4E0F-B3DC-FB37525E93E3}.Debug|Any CPU.ActiveCfg = Debug|Any CPU
		{FB2BB9B4-1AE2-4E0F-B3DC-FB37525E93E3}.Debug|Any CPU.Build.0 = Debug|Any CPU
		{FB2BB9B4-1AE2-4E0F-B3DC-FB37525E93E3}.Debug|x64.ActiveCfg = Debug|Any CPU
		{FB2BB9B4-1AE2-4E0F-B3DC-FB37525E93E3}.Debug|x64.Build.0 = Debug|Any CPU
		{FB2BB9B4-1AE2-4E0F-B3DC-FB37525E93E3}.Debug|x86.ActiveCfg = Debug|Any CPU
		{FB2BB9B4-1AE2-4E0F-B3DC-FB37525E93E3}.Debug|x86.Build.0 = Debug|Any CPU
		{FB2BB9B4-1AE2-4E0F-B3DC-FB37525E93E3}.Release|Any CPU.ActiveCfg = Release|Any CPU
		{FB2BB9B4-1AE2-4E0F-B3DC-FB37525E93E3}.Release|Any CPU.Build.0 = Release|Any CPU
		{FB2BB9B4-1AE2-4E0F-B3DC-FB37525E93E3}.Release|x64.ActiveCfg = Release|Any CPU
		{FB2BB9B4-1AE2-4E0F-B3DC-FB37525E93E3}.Release|x64.Build.0 = Release|Any CPU
		{FB2BB9B4-1AE2-4E0F-B3DC-FB37525E93E3}.Release|x86.ActiveCfg = Release|Any CPU
		{FB2BB9B4-1AE2-4E0F-B3DC-FB37525E93E3}.Release|x86.Build.0 = Release|Any CPU
		{184E29D8-565A-457F-9111-A6EB64F4DF2D}.Debug|Any CPU.ActiveCfg = Debug|Any CPU
		{184E29D8-565A-457F-9111-A6EB64F4DF2D}.Debug|Any CPU.Build.0 = Debug|Any CPU
		{184E29D8-565A-457F-9111-A6EB64F4DF2D}.Debug|x64.ActiveCfg = Debug|Any CPU
		{184E29D8-565A-457F-9111-A6EB64F4DF2D}.Debug|x64.Build.0 = Debug|Any CPU
		{184E29D8-565A-457F-9111-A6EB64F4DF2D}.Debug|x86.ActiveCfg = Debug|Any CPU
		{184E29D8-565A-457F-9111-A6EB64F4DF2D}.Debug|x86.Build.0 = Debug|Any CPU
		{184E29D8-565A-457F-9111-A6EB64F4DF2D}.Release|Any CPU.ActiveCfg = Release|Any CPU
		{184E29D8-565A-457F-9111-A6EB64F4DF2D}.Release|Any CPU.Build.0 = Release|Any CPU
		{184E29D8-565A-457F-9111-A6EB64F4DF2D}.Release|x64.ActiveCfg = Release|Any CPU
		{184E29D8-565A-457F-9111-A6EB64F4DF2D}.Release|x64.Build.0 = Release|Any CPU
		{184E29D8-565A-457F-9111-A6EB64F4DF2D}.Release|x86.ActiveCfg = Release|Any CPU
		{184E29D8-565A-457F-9111-A6EB64F4DF2D}.Release|x86.Build.0 = Release|Any CPU
		{1349BF36-4923-4CB3-8602-D70DF0705845}.Debug|Any CPU.ActiveCfg = Debug|Any CPU
		{1349BF36-4923-4CB3-8602-D70DF0705845}.Debug|Any CPU.Build.0 = Debug|Any CPU
		{1349BF36-4923-4CB3-8602-D70DF0705845}.Debug|x64.ActiveCfg = Debug|Any CPU
		{1349BF36-4923-4CB3-8602-D70DF0705845}.Debug|x64.Build.0 = Debug|Any CPU
		{1349BF36-4923-4CB3-8602-D70DF0705845}.Debug|x86.ActiveCfg = Debug|Any CPU
		{1349BF36-4923-4CB3-8602-D70DF0705845}.Debug|x86.Build.0 = Debug|Any CPU
		{1349BF36-4923-4CB3-8602-D70DF0705845}.Release|Any CPU.ActiveCfg = Release|Any CPU
		{1349BF36-4923-4CB3-8602-D70DF0705845}.Release|Any CPU.Build.0 = Release|Any CPU
		{1349BF36-4923-4CB3-8602-D70DF0705845}.Release|x64.ActiveCfg = Release|Any CPU
		{1349BF36-4923-4CB3-8602-D70DF0705845}.Release|x64.Build.0 = Release|Any CPU
		{1349BF36-4923-4CB3-8602-D70DF0705845}.Release|x86.ActiveCfg = Release|Any CPU
		{1349BF36-4923-4CB3-8602-D70DF0705845}.Release|x86.Build.0 = Release|Any CPU
		{C487C98E-992C-48FC-AC9F-941D985869E2}.Debug|Any CPU.ActiveCfg = Debug|Any CPU
		{C487C98E-992C-48FC-AC9F-941D985869E2}.Debug|Any CPU.Build.0 = Debug|Any CPU
		{C487C98E-992C-48FC-AC9F-941D985869E2}.Debug|x64.ActiveCfg = Debug|Any CPU
		{C487C98E-992C-48FC-AC9F-941D985869E2}.Debug|x64.Build.0 = Debug|Any CPU
		{C487C98E-992C-48FC-AC9F-941D985869E2}.Debug|x86.ActiveCfg = Debug|Any CPU
		{C487C98E-992C-48FC-AC9F-941D985869E2}.Debug|x86.Build.0 = Debug|Any CPU
		{C487C98E-992C-48FC-AC9F-941D985869E2}.Release|Any CPU.ActiveCfg = Release|Any CPU
		{C487C98E-992C-48FC-AC9F-941D985869E2}.Release|Any CPU.Build.0 = Release|Any CPU
		{C487C98E-992C-48FC-AC9F-941D985869E2}.Release|x64.ActiveCfg = Release|Any CPU
		{C487C98E-992C-48FC-AC9F-941D985869E2}.Release|x64.Build.0 = Release|Any CPU
		{C487C98E-992C-48FC-AC9F-941D985869E2}.Release|x86.ActiveCfg = Release|Any CPU
		{C487C98E-992C-48FC-AC9F-941D985869E2}.Release|x86.Build.0 = Release|Any CPU
		{48C82E97-B345-44C3-8F23-E5C8CC83877D}.Debug|Any CPU.ActiveCfg = Debug|Any CPU
		{48C82E97-B345-44C3-8F23-E5C8CC83877D}.Debug|Any CPU.Build.0 = Debug|Any CPU
		{48C82E97-B345-44C3-8F23-E5C8CC83877D}.Debug|x64.ActiveCfg = Debug|Any CPU
		{48C82E97-B345-44C3-8F23-E5C8CC83877D}.Debug|x64.Build.0 = Debug|Any CPU
		{48C82E97-B345-44C3-8F23-E5C8CC83877D}.Debug|x86.ActiveCfg = Debug|Any CPU
		{48C82E97-B345-44C3-8F23-E5C8CC83877D}.Debug|x86.Build.0 = Debug|Any CPU
		{48C82E97-B345-44C3-8F23-E5C8CC83877D}.Release|Any CPU.ActiveCfg = Release|Any CPU
		{48C82E97-B345-44C3-8F23-E5C8CC83877D}.Release|Any CPU.Build.0 = Release|Any CPU
		{48C82E97-B345-44C3-8F23-E5C8CC83877D}.Release|x64.ActiveCfg = Release|Any CPU
		{48C82E97-B345-44C3-8F23-E5C8CC83877D}.Release|x64.Build.0 = Release|Any CPU
		{48C82E97-B345-44C3-8F23-E5C8CC83877D}.Release|x86.ActiveCfg = Release|Any CPU
		{48C82E97-B345-44C3-8F23-E5C8CC83877D}.Release|x86.Build.0 = Release|Any CPU
		{433D6DDF-0F5B-4F35-8D0F-E25CA9BFFC68}.Debug|Any CPU.ActiveCfg = Debug|Any CPU
		{433D6DDF-0F5B-4F35-8D0F-E25CA9BFFC68}.Debug|Any CPU.Build.0 = Debug|Any CPU
		{433D6DDF-0F5B-4F35-8D0F-E25CA9BFFC68}.Debug|x64.ActiveCfg = Debug|Any CPU
		{433D6DDF-0F5B-4F35-8D0F-E25CA9BFFC68}.Debug|x64.Build.0 = Debug|Any CPU
		{433D6DDF-0F5B-4F35-8D0F-E25CA9BFFC68}.Debug|x86.ActiveCfg = Debug|Any CPU
		{433D6DDF-0F5B-4F35-8D0F-E25CA9BFFC68}.Debug|x86.Build.0 = Debug|Any CPU
		{433D6DDF-0F5B-4F35-8D0F-E25CA9BFFC68}.Release|Any CPU.ActiveCfg = Release|Any CPU
		{433D6DDF-0F5B-4F35-8D0F-E25CA9BFFC68}.Release|Any CPU.Build.0 = Release|Any CPU
		{433D6DDF-0F5B-4F35-8D0F-E25CA9BFFC68}.Release|x64.ActiveCfg = Release|Any CPU
		{433D6DDF-0F5B-4F35-8D0F-E25CA9BFFC68}.Release|x64.Build.0 = Release|Any CPU
		{433D6DDF-0F5B-4F35-8D0F-E25CA9BFFC68}.Release|x86.ActiveCfg = Release|Any CPU
		{433D6DDF-0F5B-4F35-8D0F-E25CA9BFFC68}.Release|x86.Build.0 = Release|Any CPU
	EndGlobalSection
	GlobalSection(SolutionProperties) = preSolution
		HideSolutionNode = FALSE
	EndGlobalSection
	GlobalSection(NestedProjects) = preSolution
		{E683B7FE-F032-443C-A7B8-DA0DA4292D0C} = {C54D6BEA-522E-470C-99CB-17E360767445}
		{645D17D7-9367-4873-AD67-DDF394AC16A4} = {E683B7FE-F032-443C-A7B8-DA0DA4292D0C}
		{FB2BB9B4-1AE2-4E0F-B3DC-FB37525E93E3} = {B6CCF624-686A-4A1F-A03B-6EAEB8C89058}
		{131CD170-5BDB-4A97-8E15-87E5EF93858D} = {C54D6BEA-522E-470C-99CB-17E360767445}
		{184E29D8-565A-457F-9111-A6EB64F4DF2D} = {131CD170-5BDB-4A97-8E15-87E5EF93858D}
		{1349BF36-4923-4CB3-8602-D70DF0705845} = {B6CCF624-686A-4A1F-A03B-6EAEB8C89058}
		{C487C98E-992C-48FC-AC9F-941D985869E2} = {B6CCF624-686A-4A1F-A03B-6EAEB8C89058}
		{48C82E97-B345-44C3-8F23-E5C8CC83877D} = {B6CCF624-686A-4A1F-A03B-6EAEB8C89058}
		{433D6DDF-0F5B-4F35-8D0F-E25CA9BFFC68} = {B6CCF624-686A-4A1F-A03B-6EAEB8C89058}
	EndGlobalSection
	GlobalSection(ExtensibilityGlobals) = postSolution
		SolutionGuid = {2B2577FE-9D36-4091-BF7C-07A13C302E06}
	EndGlobalSection
EndGlobal
